
Microsoft Visual Studio Solution File, Format Version 12.00
# Visual Studio 14
VisualStudioVersion = 14.0.22823.1
MinimumVisualStudioVersion = 10.0.40219.1
Project("{151D2E53-A2C4-4D7D-83FE-D05416EBD58E}") = "azure-arm-multiregion-website-template", "azure-arm-multiregion-website-template\azure-arm-multiregion-website-template.deployproj", "{1A683E2E-1CE0-422D-998E-8FBF89B45222}"
EndProject
Global
	GlobalSection(SolutionConfigurationPlatforms) = preSolution
		Debug|Any CPU = Debug|Any CPU
		Release|Any CPU = Release|Any CPU
	EndGlobalSection
	GlobalSection(ProjectConfigurationPlatforms) = postSolution
		{1A683E2E-1CE0-422D-998E-8FBF89B45222}.Debug|Any CPU.ActiveCfg = Debug|Any CPU
		{1A683E2E-1CE0-422D-998E-8FBF89B45222}.Debug|Any CPU.Build.0 = Debug|Any CPU
		{1A683E2E-1CE0-422D-998E-8FBF89B45222}.Release|Any CPU.ActiveCfg = Release|Any CPU
		{1A683E2E-1CE0-422D-998E-8FBF89B45222}.Release|Any CPU.Build.0 = Release|Any CPU
	EndGlobalSection
	GlobalSection(SolutionProperties) = preSolution
		HideSolutionNode = FALSE
	EndGlobalSection
EndGlobal
